
Microsoft Visual Studio Solution File, Format Version 12.00
# Visual Studio Version 17
VisualStudioVersion = 17.14.36511.14 d17.14
MinimumVisualStudioVersion = 10.0.40219.1
Project("{FAE04EC0-301F-11D3-BF4B-00C04F79EFBC}") = "raketaaaaa", "raketaaaaa\raketaaaaa.csproj", "{2526A7ED-0D3D-45AF-A38E-3771581E5403}"
EndProject
Global
	GlobalSection(SolutionConfigurationPlatforms) = preSolution
		Debug|Any CPU = Debug|Any CPU
		Release|Any CPU = Release|Any CPU
	EndGlobalSection
	GlobalSection(ProjectConfigurationPlatforms) = postSolution
		{2526A7ED-0D3D-45AF-A38E-3771581E5403}.Debug|Any CPU.ActiveCfg = Debug|Any CPU
		{2526A7ED-0D3D-45AF-A38E-3771581E5403}.Debug|Any CPU.Build.0 = Debug|Any CPU
		{2526A7ED-0D3D-45AF-A38E-3771581E5403}.Release|Any CPU.ActiveCfg = Release|Any CPU
		{2526A7ED-0D3D-45AF-A38E-3771581E5403}.Release|Any CPU.Build.0 = Release|Any CPU
	EndGlobalSection
	GlobalSection(SolutionProperties) = preSolution
		HideSolutionNode = FALSE
	EndGlobalSection
	GlobalSection(ExtensibilityGlobals) = postSolution
		SolutionGuid = {109F8D34-E664-41A0-9E6B-D454B5009B22}
	EndGlobalSection
EndGlobal
